<Solution>
    <Folder Name="/host/">
        <Project Path="host/Dignite.Sites.Host/Dignite.Sites.Host.csproj" />
    </Folder>

    <Folder Name="/src/" />
    <Folder Name="/src/admin/">
        <Project Path="src/Dignite.Sites.Admin.Application.Contracts/Dignite.Sites.Admin.Application.Contracts.csproj" />
        <Project Path="src/Dignite.Sites.Admin.Application/Dignite.Sites.Admin.Application.csproj" />
        <Project Path="src/Dignite.Sites.Admin.HttpApi.Client/Dignite.Sites.Admin.HttpApi.Client.csproj" />
        <Project Path="src/Dignite.Sites.Admin.HttpApi/Dignite.Sites.Admin.HttpApi.csproj" />
    </Folder>
    <Folder Name="/src/core/">
        <Project Path="src/Dignite.Sites.Common.Application.Contracts/Dignite.Sites.Common.Application.Contracts.csproj" />
        <Project Path="src/Dignite.Sites.Common.Application/Dignite.Sites.Common.Application.csproj" />
        <Project Path="src/Dignite.Sites.Common.HttpApi.Client/Dignite.Sites.Common.HttpApi.Client.csproj" />
        <Project Path="src/Dignite.Sites.Common.HttpApi/Dignite.Sites.Common.HttpApi.csproj" />
        <Project Path="src/Dignite.Sites.Domain.Shared/Dignite.Sites.Domain.Shared.csproj" />
        <Project Path="src/Dignite.Sites.Domain/Dignite.Sites.Domain.csproj" />
        <Project Path="src/Dignite.Sites.EntityFrameworkCore/Dignite.Sites.EntityFrameworkCore.csproj" />
        <Project Path="src/Dignite.Sites.Installer/Dignite.Sites.Installer.csproj" />
        <Project Path="src/Dignite.Sites.MongoDB/Dignite.Sites.MongoDB.csproj" />
    </Folder>
    <Folder Name="/src/public/">
        <Project Path="src/Dignite.Sites.Public.Application.Contracts/Dignite.Sites.Public.Application.Contracts.csproj" />
        <Project Path="src/Dignite.Sites.Public.Application/Dignite.Sites.Public.Application.csproj" />
        <Project Path="src/Dignite.Sites.Public.HttpApi.Client/Dignite.Sites.Public.HttpApi.Client.csproj" />
        <Project Path="src/Dignite.Sites.Public.HttpApi/Dignite.Sites.Public.HttpApi.csproj" />
        <Project Path="src/Dignite.Sites.Public.Web/Dignite.Sites.Public.Web.csproj" />
    </Folder>
    <Folder Name="/src/unified/">
        <Project Path="src/Dignite.Sites.Application.Contracts/Dignite.Sites.Application.Contracts.csproj" />
        <Project Path="src/Dignite.Sites.Application/Dignite.Sites.Application.csproj" />
        <Project Path="src/Dignite.Sites.HttpApi.Client/Dignite.Sites.HttpApi.Client.csproj" />
        <Project Path="src/Dignite.Sites.HttpApi/Dignite.Sites.HttpApi.csproj" />
    </Folder>

    <Folder Name="/test/">
        <Project Path="test/Dignite.Sites.Application.Tests/Dignite.Sites.Application.Tests.csproj" />
        <Project Path="test/Dignite.Sites.Domain.Tests/Dignite.Sites.Domain.Tests.csproj" />
        <Project Path="test/Dignite.Sites.EntityFrameworkCore.Tests/Dignite.Sites.EntityFrameworkCore.Tests.csproj" />
        <Project Path="test/Dignite.Sites.MongoDB.Tests/Dignite.Sites.MongoDB.Tests.csproj" />
        <Project Path="test/Dignite.Sites.TestBase/Dignite.Sites.TestBase.csproj" />
    </Folder>
</Solution>
