<Solution>
    <Folder Name="/host/">
        <Project Path="host/Dignite.Site.Host/Dignite.Site.Host.csproj" />
    </Folder>

    <Folder Name="/src/" />
    <Folder Name="/src/admin/">
        <Project Path="src/Dignite.Site.Admin.Application.Contracts/Dignite.Site.Admin.Application.Contracts.csproj" />
        <Project Path="src/Dignite.Site.Admin.Application/Dignite.Site.Admin.Application.csproj" />
        <Project Path="src/Dignite.Site.Admin.HttpApi.Client/Dignite.Site.Admin.HttpApi.Client.csproj" />
        <Project Path="src/Dignite.Site.Admin.HttpApi/Dignite.Site.Admin.HttpApi.csproj" />
    </Folder>
    <Folder Name="/src/core/">
        <Project Path="src/Dignite.Site.Common.Application.Contracts/Dignite.Site.Common.Application.Contracts.csproj" />
        <Project Path="src/Dignite.Site.Common.Application/Dignite.Site.Common.Application.csproj" />
        <Project Path="src/Dignite.Site.Common.HttpApi.Client/Dignite.Site.Common.HttpApi.Client.csproj" />
        <Project Path="src/Dignite.Site.Common.HttpApi/Dignite.Site.Common.HttpApi.csproj" />
        <Project Path="src/Dignite.Site.Domain.Shared/Dignite.Site.Domain.Shared.csproj" />
        <Project Path="src/Dignite.Site.Domain/Dignite.Site.Domain.csproj" />
        <Project Path="src/Dignite.Site.EntityFrameworkCore/Dignite.Site.EntityFrameworkCore.csproj" />
        <Project Path="src/Dignite.Site.Installer/Dignite.Site.Installer.csproj" />
        <Project Path="src/Dignite.Site.MongoDB/Dignite.Site.MongoDB.csproj" />
    </Folder>
    <Folder Name="/src/public/">
        <Project Path="src/Dignite.Site.Public.Application.Contracts/Dignite.Site.Public.Application.Contracts.csproj" />
        <Project Path="src/Dignite.Site.Public.Application/Dignite.Site.Public.Application.csproj" />
        <Project Path="src/Dignite.Site.Public.HttpApi.Client/Dignite.Site.Public.HttpApi.Client.csproj" />
        <Project Path="src/Dignite.Site.Public.HttpApi/Dignite.Site.Public.HttpApi.csproj" />
        <Project Path="src/Dignite.Site.Public.Web/Dignite.Site.Public.Web.csproj" />
    </Folder>
    <Folder Name="/src/mcp/">
        <Project Path="src/Dignite.Site.Mcp/Dignite.Site.Mcp.csproj" />
    </Folder>
    <Folder Name="/src/unified/">
        <Project Path="src/Dignite.Site.Application.Contracts/Dignite.Site.Application.Contracts.csproj" />
        <Project Path="src/Dignite.Site.Application/Dignite.Site.Application.csproj" />
        <Project Path="src/Dignite.Site.HttpApi.Client/Dignite.Site.HttpApi.Client.csproj" />
        <Project Path="src/Dignite.Site.HttpApi/Dignite.Site.HttpApi.csproj" />
    </Folder>

    <Folder Name="/flex-fields/">
        <Project Path="../abp-modules/flex-fields/src/Dignite.Abp.FlexFields.Domain.Shared/Dignite.Abp.FlexFields.Domain.Shared.csproj" />
        <Project Path="../abp-modules/flex-fields/src/Dignite.Abp.FlexFields.Abstractions/Dignite.Abp.FlexFields.Abstractions.csproj" />
        <Project Path="../abp-modules/flex-fields/src/Dignite.Abp.FlexFields.Domain/Dignite.Abp.FlexFields.Domain.csproj" />
        <Project Path="../abp-modules/flex-fields/src/Dignite.Abp.FlexFields.EntityFrameworkCore/Dignite.Abp.FlexFields.EntityFrameworkCore.csproj" />
        <Project Path="../abp-modules/flex-fields/src/Dignite.Abp.FlexFields.Web/Dignite.Abp.FlexFields.Web.csproj" />
        <Project Path="../abp-modules/flex-fields/src/Dignite.Abp.FlexFields.CKEditor.Web/Dignite.Abp.FlexFields.CKEditor.Web.csproj" />
        <Project Path="../abp-modules/flex-fields/src/Dignite.Abp.FlexFields.FileExplorer.Web/Dignite.Abp.FlexFields.FileExplorer.Web.csproj" />
        <!-- Entry/Matrix field types (GitHub issue #49) - Site's own bolt-on, not part of abp-modules. -->
        <Project Path="src/Dignite.FlexFields.Site/Dignite.FlexFields.Site.csproj" />
    </Folder>

    <Folder Name="/test/">
        <Project Path="test/Dignite.Site.Application.Tests/Dignite.Site.Application.Tests.csproj" />
        <Project Path="test/Dignite.Site.Domain.Tests/Dignite.Site.Domain.Tests.csproj" />
        <Project Path="test/Dignite.Site.EntityFrameworkCore.Tests/Dignite.Site.EntityFrameworkCore.Tests.csproj" />
        <Project Path="test/Dignite.Site.Mcp.Tests/Dignite.Site.Mcp.Tests.csproj" />
        <Project Path="test/Dignite.Site.MongoDB.Tests/Dignite.Site.MongoDB.Tests.csproj" />
        <Project Path="test/Dignite.Site.Public.HttpApi.Client.Tests/Dignite.Site.Public.HttpApi.Client.Tests.csproj" />
        <Project Path="test/Dignite.Site.TestBase/Dignite.Site.TestBase.csproj" />
    </Folder>
</Solution>
